
Microsoft Visual Studio Solution File, Format Version 12.00
# Visual Studio Version 17
VisualStudioVersion = 17.5.33502.453
MinimumVisualStudioVersion = 10.0.40219.1
Project("{FAE04EC0-301F-11D3-BF4B-00C04F79EFBC}") = "A-star-8tasbulmacasi", "A-star-8tasbulmacasi\A-star-8tasbulmacasi.csproj", "{34C53A19-9972-40F0-854C-2984D4353429}"
EndProject
Global
	GlobalSection(SolutionConfigurationPlatforms) = preSolution
		Debug|Any CPU = Debug|Any CPU
		Release|Any CPU = Release|Any CPU
	EndGlobalSection
	GlobalSection(ProjectConfigurationPlatforms) = postSolution
		{34C53A19-9972-40F0-854C-2984D4353429}.Debug|Any CPU.ActiveCfg = Debug|Any CPU
		{34C53A19-9972-40F0-854C-2984D4353429}.Debug|Any CPU.Build.0 = Debug|Any CPU
		{34C53A19-9972-40F0-854C-2984D4353429}.Release|Any CPU.ActiveCfg = Release|Any CPU
		{34C53A19-9972-40F0-854C-2984D4353429}.Release|Any CPU.Build.0 = Release|Any CPU
	EndGlobalSection
	GlobalSection(SolutionProperties) = preSolution
		HideSolutionNode = FALSE
	EndGlobalSection
	GlobalSection(ExtensibilityGlobals) = postSolution
		SolutionGuid = {D16FAFFE-FD25-4302-80BE-4641CD6C080D}
	EndGlobalSection
EndGlobal
